{
    "_readme": [
        "This file locks the dependencies of your project to a known state",
        "Read more about it at https://getcomposer.org/doc/01-basic-usage.md#installing-dependencies",
        "This file is @generated automatically"
    ],
    "content-hash": "604fd3a0cba04727d779de2db9646b7a",
    "packages": [
        {
            "name": "phico/cli",
            "version": "dev-main",
            "source": {
                "type": "git",
                "url": "https://github.com/phico-php/cli.git",
                "reference": "5498cda74d3fb0f91ae78f2041bdb7d3c44c4789"
            },
            "dist": {
                "type": "zip",
                "url": "https://api.github.com/repos/phico-php/cli/zipball/5498cda74d3fb0f91ae78f2041bdb7d3c44c4789",
                "reference": "5498cda74d3fb0f91ae78f2041bdb7d3c44c4789",
                "shasum": ""
            },
            "require": {
                "php": "^8.0"
            },
            "require-dev": {
                "pestphp/pest": "^2.34",
                "phpstan/phpstan": "^1.11"
            },
            "default-branch": true,
            "type": "library",
            "autoload": {
                "psr-4": {
                    "Phico\\Cli\\": "src/"
                }
            },
            "notification-url": "https://packagist.org/downloads/",
            "license": [
                "BSD-3-Clause"
            ],
            "authors": [
                {
                    "name": "indgy",
                    "email": "me@indgy.uk"
                }
            ],
            "description": "Lightweight terminal support for Phico",
            "support": {
                "issues": "https://github.com/phico-php/cli/issues",
                "source": "https://github.com/phico-php/cli/tree/main"
            },
            "time": "2024-06-27T16:29:12+00:00"
        },
        {
            "name": "phico/config",
            "version": "dev-main",
            "source": {
                "type": "git",
                "url": "https://github.com/phico-php/config.git",
                "reference": "1599901520a317c5e3a5a3e27d6567b2fd29fc99"
            },
            "dist": {
                "type": "zip",
                "url": "https://api.github.com/repos/phico-php/config/zipball/1599901520a317c5e3a5a3e27d6567b2fd29fc99",
                "reference": "1599901520a317c5e3a5a3e27d6567b2fd29fc99",
                "shasum": ""
            },
            "require": {
                "phico/filesystem": "dev-main",
                "php": "^8.0"
            },
            "require-dev": {
                "pestphp/pest": "^2.34",
                "phpstan/phpstan": "*"
            },
            "default-branch": true,
            "type": "library",
            "autoload": {
                "files": [
                    "src/functions.php"
                ],
                "psr-4": {
                    "Phico\\Config\\": "src/"
                }
            },
            "notification-url": "https://packagist.org/downloads/",
            "license": [
                "BSD-3-Clause"
            ],
            "authors": [
                {
                    "name": "indgy",
                    "email": "me@indgy.uk"
                }
            ],
            "description": "Lightweight config file reader for Phico",
            "support": {
                "issues": "https://github.com/phico-php/config/issues",
                "source": "https://github.com/phico-php/config/tree/main"
            },
            "time": "2024-06-29T09:52:59+00:00"
        },
        {
            "name": "phico/container",
            "version": "dev-main",
            "source": {
                "type": "git",
                "url": "https://github.com/phico-php/container.git",
                "reference": "5e557a6b73e91722a6acdc1ff949d2923b1aae4d"
            },
            "dist": {
                "type": "zip",
                "url": "https://api.github.com/repos/phico-php/container/zipball/5e557a6b73e91722a6acdc1ff949d2923b1aae4d",
                "reference": "5e557a6b73e91722a6acdc1ff949d2923b1aae4d",
                "shasum": ""
            },
            "require": {
                "php": "^8.0"
            },
            "require-dev": {
                "pestphp/pest": "^2.34",
                "phpstan/phpstan": "*"
            },
            "default-branch": true,
            "type": "library",
            "autoload": {
                "files": [
                    "src/functions.php"
                ],
                "psr-4": {
                    "Phico\\Container\\": "src/",
                    "Phico\\Container\\Tests\\Assets\\": "tests/Assets/"
                }
            },
            "notification-url": "https://packagist.org/downloads/",
            "license": [
                "BSD-3-Clause"
            ],
            "authors": [
                {
                    "name": "indgy",
                    "email": "me@indgy.uk"
                }
            ],
            "description": "Lightweight dependency injection container for Phico",
            "support": {
                "issues": "https://github.com/phico-php/container/issues",
                "source": "https://github.com/phico-php/container/tree/main"
            },
            "time": "2024-06-30T09:03:44+00:00"
        },
        {
            "name": "phico/filesystem",
            "version": "dev-main",
            "source": {
                "type": "git",
                "url": "https://github.com/phico-php/filesystem.git",
                "reference": "338cd25e47dcbc6044257877a5a0e0e79649bf5a"
            },
            "dist": {
                "type": "zip",
                "url": "https://api.github.com/repos/phico-php/filesystem/zipball/338cd25e47dcbc6044257877a5a0e0e79649bf5a",
                "reference": "338cd25e47dcbc6044257877a5a0e0e79649bf5a",
                "shasum": ""
            },
            "require": {
                "phico/support": "dev-main",
                "php": "^8.0"
            },
            "require-dev": {
                "pestphp/pest": "^2.34",
                "php": "^8.0",
                "phpstan/phpstan": "*"
            },
            "default-branch": true,
            "type": "library",
            "autoload": {
                "files": [
                    "src/functions.php"
                ],
                "psr-4": {
                    "Phico\\Filesystem\\": "src/"
                }
            },
            "notification-url": "https://packagist.org/downloads/",
            "license": [
                "BSD-3-Clause"
            ],
            "authors": [
                {
                    "name": "indgy",
                    "email": "me@indgy.uk"
                }
            ],
            "description": "Lightweight local filesystem support for Phico",
            "support": {
                "issues": "https://github.com/phico-php/filesystem/issues",
                "source": "https://github.com/phico-php/filesystem/tree/main"
            },
            "time": "2024-06-26T10:24:39+00:00"
        },
        {
            "name": "phico/logger",
            "version": "dev-main",
            "source": {
                "type": "git",
                "url": "https://github.com/phico-php/logger.git",
                "reference": "8bc5c8e48bcdd881d53fccbc7129504aa8926385"
            },
            "dist": {
                "type": "zip",
                "url": "https://api.github.com/repos/phico-php/logger/zipball/8bc5c8e48bcdd881d53fccbc7129504aa8926385",
                "reference": "8bc5c8e48bcdd881d53fccbc7129504aa8926385",
                "shasum": ""
            },
            "require": {
                "phico/filesystem": "dev-main",
                "php": "^8.0"
            },
            "require-dev": {
                "pestphp/pest": "^2.34",
                "phpstan/phpstan": "*"
            },
            "default-branch": true,
            "type": "library",
            "autoload": {
                "files": [
                    "src/functions.php"
                ],
                "psr-4": {
                    "Phico\\Logger\\": "src/"
                }
            },
            "notification-url": "https://packagist.org/downloads/",
            "license": [
                "BSD-3-Clause"
            ],
            "authors": [
                {
                    "name": "indgy",
                    "email": "me@indgy.uk"
                }
            ],
            "description": "Lightweight logging support for Phico",
            "support": {
                "issues": "https://github.com/phico-php/logger/issues",
                "source": "https://github.com/phico-php/logger/tree/main"
            },
            "time": "2024-06-30T09:01:58+00:00"
        },
        {
            "name": "phico/phico",
            "version": "dev-main",
            "dist": {
                "type": "path",
                "url": "/home/dev/phico-php/phico",
                "reference": "d9ddca1186c150fe864685d2e8a590666c2177c7"
            },
            "require": {
                "phico/cli": "dev-main",
                "phico/config": "dev-main",
                "phico/container": "dev-main",
                "phico/filesystem": "dev-main",
                "phico/logger": "dev-main",
                "phico/support": "dev-main",
                "php": "^8.0"
            },
            "require-dev": {
                "pestphp/pest": "^2.34",
                "phpstan/phpstan": "*"
            },
            "bin": [
                "bin/phico"
            ],
            "type": "project",
            "autoload": {
                "psr-4": {
                    "Phico\\": "src/"
                },
                "files": [
                    "src/functions.php"
                ]
            },
            "license": [
                "BSD-3-Clause"
            ],
            "authors": [
                {
                    "name": "indgy",
                    "email": "me@indgy.uk"
                }
            ],
            "description": "An insanely fast, dependency-free framework you will fall in love with",
            "transport-options": {
                "relative": false
            }
        },
        {
            "name": "phico/support",
            "version": "dev-main",
            "source": {
                "type": "git",
                "url": "https://github.com/phico-php/support.git",
                "reference": "d820a648c0f8a36492d2c1a53dcbbc9143850232"
            },
            "dist": {
                "type": "zip",
                "url": "https://api.github.com/repos/phico-php/support/zipball/d820a648c0f8a36492d2c1a53dcbbc9143850232",
                "reference": "d820a648c0f8a36492d2c1a53dcbbc9143850232",
                "shasum": ""
            },
            "require": {
                "php": "^8.0"
            },
            "require-dev": {
                "pestphp/pest": "^2.34",
                "phpstan/phpstan": "^1.11"
            },
            "default-branch": true,
            "type": "library",
            "autoload": {
                "files": [
                    "src/functions.php"
                ],
                "psr-4": {
                    "Phico\\": "src/"
                }
            },
            "notification-url": "https://packagist.org/downloads/",
            "license": [
                "BSD-3-Clause"
            ],
            "authors": [
                {
                    "name": "indgy",
                    "email": "me@indgy.uk"
                }
            ],
            "description": "Support classes and functions for Phico",
            "support": {
                "issues": "https://github.com/phico-php/support/issues",
                "source": "https://github.com/phico-php/support/tree/main"
            },
            "time": "2024-06-28T19:51:20+00:00"
        }
    ],
    "packages-dev": [],
    "aliases": [],
    "minimum-stability": "dev",
    "stability-flags": {
        "phico/phico": 20
    },
    "prefer-stable": false,
    "prefer-lowest": false,
    "platform": [],
    "platform-dev": [],
    "plugin-api-version": "2.3.0"
}
